
Microsoft Visual Studio Solution File, Format Version 12.00
# Visual Studio Version 16
VisualStudioVersion = 16.0.32228.343
MinimumVisualStudioVersion = 10.0.40219.1
Project("{FAE04EC0-301F-11D3-BF4B-00C04F79EFBC}") = "DesertRageTests", "DesertRageTests.csproj", "{492593D2-F216-435D-927C-69985A3CB9DA}"
EndProject
Global
	GlobalSection(SolutionConfigurationPlatforms) = preSolution
		Debug|Any CPU = Debug|Any CPU
		Release|Any CPU = Release|Any CPU
	EndGlobalSection
	GlobalSection(ProjectConfigurationPlatforms) = postSolution
		{492593D2-F216-435D-927C-69985A3CB9DA}.Debug|Any CPU.ActiveCfg = Debug|Any CPU
		{492593D2-F216-435D-927C-69985A3CB9DA}.Debug|Any CPU.Build.0 = Debug|Any CPU
		{492593D2-F216-435D-927C-69985A3CB9DA}.Release|Any CPU.ActiveCfg = Release|Any CPU
		{492593D2-F216-435D-927C-69985A3CB9DA}.Release|Any CPU.Build.0 = Release|Any CPU
	EndGlobalSection
	GlobalSection(SolutionProperties) = preSolution
		HideSolutionNode = FALSE
	EndGlobalSection
	GlobalSection(ExtensibilityGlobals) = postSolution
		SolutionGuid = {91922720-F17C-4F6A-93AD-4E70412A7DB5}
	EndGlobalSection
EndGlobal
